
Microsoft Visual Studio Solution File, Format Version 12.00
# Visual Studio 15
VisualStudioVersion = 15.0.27004.2008
MinimumVisualStudioVersion = 10.0.40219.1
Project("{FAE04EC0-301F-11D3-BF4B-00C04F79EFBC}") = "Mag", "Mag\Mag.csproj", "{DEE92F1B-95EA-4568-9CF1-39B95C2E466F}"
EndProject
Global
	GlobalSection(SolutionConfigurationPlatforms) = preSolution
		Debug|Any CPU = Debug|Any CPU
		Release|Any CPU = Release|Any CPU
	EndGlobalSection
	GlobalSection(ProjectConfigurationPlatforms) = postSolution
		{DEE92F1B-95EA-4568-9CF1-39B95C2E466F}.Debug|Any CPU.ActiveCfg = Debug|Any CPU
		{DEE92F1B-95EA-4568-9CF1-39B95C2E466F}.Debug|Any CPU.Build.0 = Debug|Any CPU
		{DEE92F1B-95EA-4568-9CF1-39B95C2E466F}.Release|Any CPU.ActiveCfg = Release|Any CPU
		{DEE92F1B-95EA-4568-9CF1-39B95C2E466F}.Release|Any CPU.Build.0 = Release|Any CPU
	EndGlobalSection
	GlobalSection(SolutionProperties) = preSolution
		HideSolutionNode = FALSE
	EndGlobalSection
	GlobalSection(ExtensibilityGlobals) = postSolution
		SolutionGuid = {0E871AAA-3F3D-4BE0-9776-955C0230B718}
	EndGlobalSection
EndGlobal
